
Microsoft Visual Studio Solution File, Format Version 12.00
# Visual Studio Version 17
VisualStudioVersion = 17.4.33110.190
MinimumVisualStudioVersion = 10.0.40219.1
Project("{FAE04EC0-301F-11D3-BF4B-00C04F79EFBC}") = "DevCenterBot", "DevCenterBot\DevCenterBot.csproj", "{9CC179A7-50A8-4A2C-BC05-E442B8DCC39C}"
EndProject
Global
	GlobalSection(SolutionConfigurationPlatforms) = preSolution
		Debug|Any CPU = Debug|Any CPU
		Release|Any CPU = Release|Any CPU
	EndGlobalSection
	GlobalSection(ProjectConfigurationPlatforms) = postSolution
		{9CC179A7-50A8-4A2C-BC05-E442B8DCC39C}.Debug|Any CPU.ActiveCfg = Debug|Any CPU
		{9CC179A7-50A8-4A2C-BC05-E442B8DCC39C}.Debug|Any CPU.Build.0 = Debug|Any CPU
		{9CC179A7-50A8-4A2C-BC05-E442B8DCC39C}.Release|Any CPU.ActiveCfg = Release|Any CPU
		{9CC179A7-50A8-4A2C-BC05-E442B8DCC39C}.Release|Any CPU.Build.0 = Release|Any CPU
	EndGlobalSection
	GlobalSection(SolutionProperties) = preSolution
		HideSolutionNode = FALSE
	EndGlobalSection
	GlobalSection(ExtensibilityGlobals) = postSolution
		SolutionGuid = {E6605CD3-ED6C-43A0-9780-D0B9C6C94753}
	EndGlobalSection
EndGlobal
